// !$*UTF8*$!
{
	archiveVersion = 1;
	classes = {
	};
	objectVersion = 56;
	objects = {

/* Begin PBXBuildFile section */
		320221A92AF128A200A3EE31 /* StreamTVApp.swift in Sources */ = {isa = PBXBuildFile; fileRef = 320221A82AF128A200A3EE31 /* StreamTVApp.swift */; };
		320221AB2AF128A200A3EE31 /* ContentView.swift in Sources */ = {isa = PBXBuildFile; fileRef = 320221AA2AF128A200A3EE31 /* ContentView.swift */; };
		320221AD2AF128A400A3EE31 /* Assets.xcassets in Resources */ = {isa = PBXBuildFile; fileRef = 320221AC2AF128A400A3EE31 /* Assets.xcassets */; };
		320221B02AF128A400A3EE31 /* Preview Assets.xcassets in Resources */ = {isa = PBXBuildFile; fileRef = 320221AF2AF128A400A3EE31 /* Preview Assets.xcassets */; };
		320221B82AF128E200A3EE31 /* StreamVideo in Frameworks */ = {isa = PBXBuildFile; productRef = 320221B72AF128E200A3EE31 /* StreamVideo */; };
		320221BA2AF128E200A3EE31 /* StreamVideoSwiftUI in Frameworks */ = {isa = PBXBuildFile; productRef = 320221B92AF128E200A3EE31 /* StreamVideoSwiftUI */; };
		320221BC2AF128E200A3EE31 /* StreamVideoUIKit in Frameworks */ = {isa = PBXBuildFile; productRef = 320221BB2AF128E200A3EE31 /* StreamVideoUIKit */; };
		320221BE2AF12A0B00A3EE31 /* LivestreamView.swift in Sources */ = {isa = PBXBuildFile; fileRef = 320221BD2AF12A0B00A3EE31 /* LivestreamView.swift */; };
		320221C12AF1306100A3EE31 /* StreamChatSwiftUI in Frameworks */ = {isa = PBXBuildFile; productRef = 320221C02AF1306100A3EE31 /* StreamChatSwiftUI */; };
		320221C42AF15CA200A3EE31 /* EffectsLibrary in Frameworks */ = {isa = PBXBuildFile; productRef = 320221C32AF15CA200A3EE31 /* EffectsLibrary */; };
		320221C62AF15E7800A3EE31 /* HostView.swift in Sources */ = {isa = PBXBuildFile; fileRef = 320221C52AF15E7800A3EE31 /* HostView.swift */; };
		320221C82AF1620300A3EE31 /* ChatSection.swift in Sources */ = {isa = PBXBuildFile; fileRef = 320221C72AF1620300A3EE31 /* ChatSection.swift */; };
/* End PBXBuildFile section */

/* Begin PBXFileReference section */
		320221A52AF128A200A3EE31 /* StreamTV.app */ = {isa = PBXFileReference; explicitFileType = wrapper.application; includeInIndex = 0; path = StreamTV.app; sourceTree = BUILT_PRODUCTS_DIR; };
		320221A82AF128A200A3EE31 /* StreamTVApp.swift */ = {isa = PBXFileReference; lastKnownFileType = sourcecode.swift; path = StreamTVApp.swift; sourceTree = "<group>"; };
		320221AA2AF128A200A3EE31 /* ContentView.swift */ = {isa = PBXFileReference; lastKnownFileType = sourcecode.swift; path = ContentView.swift; sourceTree = "<group>"; };
		320221AC2AF128A400A3EE31 /* Assets.xcassets */ = {isa = PBXFileReference; lastKnownFileType = folder.assetcatalog; path = Assets.xcassets; sourceTree = "<group>"; };
		320221AF2AF128A400A3EE31 /* Preview Assets.xcassets */ = {isa = PBXFileReference; lastKnownFileType = folder.assetcatalog; path = "Preview Assets.xcassets"; sourceTree = "<group>"; };
		320221BD2AF12A0B00A3EE31 /* LivestreamView.swift */ = {isa = PBXFileReference; lastKnownFileType = sourcecode.swift; path = LivestreamView.swift; sourceTree = "<group>"; };
		320221C52AF15E7800A3EE31 /* HostView.swift */ = {isa = PBXFileReference; lastKnownFileType = sourcecode.swift; path = HostView.swift; sourceTree = "<group>"; };
		320221C72AF1620300A3EE31 /* ChatSection.swift */ = {isa = PBXFileReference; lastKnownFileType = sourcecode.swift; path = ChatSection.swift; sourceTree = "<group>"; };
/* End PBXFileReference section */

/* Begin PBXFrameworksBuildPhase section */
		320221A22AF128A200A3EE31 /* Frameworks */ = {
			isa = PBXFrameworksBuildPhase;
			buildActionMask = 2147483647;
			files = (
				320221C12AF1306100A3EE31 /* StreamChatSwiftUI in Frameworks */,
				320221C42AF15CA200A3EE31 /* EffectsLibrary in Frameworks */,
				320221BA2AF128E200A3EE31 /* StreamVideoSwiftUI in Frameworks */,
				320221BC2AF128E200A3EE31 /* StreamVideoUIKit in Frameworks */,
				320221B82AF128E200A3EE31 /* StreamVideo in Frameworks */,
			);
			runOnlyForDeploymentPostprocessing = 0;
		};
/* End PBXFrameworksBuildPhase section */

/* Begin PBXGroup section */
		3202219C2AF128A200A3EE31 = {
			isa = PBXGroup;
			children = (
				320221A72AF128A200A3EE31 /* StreamTV */,
				320221A62AF128A200A3EE31 /* Products */,
			);
			sourceTree = "<group>";
		};
		320221A62AF128A200A3EE31 /* Products */ = {
			isa = PBXGroup;
			children = (
				320221A52AF128A200A3EE31 /* StreamTV.app */,
			);
			name = Products;
			sourceTree = "<group>";
		};
		320221A72AF128A200A3EE31 /* StreamTV */ = {
			isa = PBXGroup;
			children = (
				320221A82AF128A200A3EE31 /* StreamTVApp.swift */,
				320221AA2AF128A200A3EE31 /* ContentView.swift */,
				320221AC2AF128A400A3EE31 /* Assets.xcassets */,
				320221AE2AF128A400A3EE31 /* Preview Content */,
				320221BD2AF12A0B00A3EE31 /* LivestreamView.swift */,
				320221C52AF15E7800A3EE31 /* HostView.swift */,
				320221C72AF1620300A3EE31 /* ChatSection.swift */,
			);
			path = StreamTV;
			sourceTree = "<group>";
		};
		320221AE2AF128A400A3EE31 /* Preview Content */ = {
			isa = PBXGroup;
			children = (
				320221AF2AF128A400A3EE31 /* Preview Assets.xcassets */,
			);
			path = "Preview Content";
			sourceTree = "<group>";
		};
/* End PBXGroup section */

/* Begin PBXNativeTarget section */
		320221A42AF128A200A3EE31 /* StreamTV */ = {
			isa = PBXNativeTarget;
			buildConfigurationList = 320221B32AF128A400A3EE31 /* Build configuration list for PBXNativeTarget "StreamTV" */;
			buildPhases = (
				320221A12AF128A200A3EE31 /* Sources */,
				320221A22AF128A200A3EE31 /* Frameworks */,
				320221A32AF128A200A3EE31 /* Resources */,
			);
			buildRules = (
			);
			dependencies = (
			);
			name = StreamTV;
			packageProductDependencies = (
				320221B72AF128E200A3EE31 /* StreamVideo */,
				320221B92AF128E200A3EE31 /* StreamVideoSwiftUI */,
				320221BB2AF128E200A3EE31 /* StreamVideoUIKit */,
				320221C02AF1306100A3EE31 /* StreamChatSwiftUI */,
				320221C32AF15CA200A3EE31 /* EffectsLibrary */,
			);
			productName = StreamTV;
			productReference = 320221A52AF128A200A3EE31 /* StreamTV.app */;
			productType = "com.apple.product-type.application";
		};
/* End PBXNativeTarget section */

/* Begin PBXProject section */
		3202219D2AF128A200A3EE31 /* Project object */ = {
			isa = PBXProject;
			attributes = {
				BuildIndependentTargetsInParallel = 1;
				LastSwiftUpdateCheck = 1500;
				LastUpgradeCheck = 1500;
				TargetAttributes = {
					320221A42AF128A200A3EE31 = {
						CreatedOnToolsVersion = 15.0;
					};
				};
			};
			buildConfigurationList = 320221A02AF128A200A3EE31 /* Build configuration list for PBXProject "StreamTV" */;
			compatibilityVersion = "Xcode 14.0";
			developmentRegion = en;
			hasScannedForEncodings = 0;
			knownRegions = (
				en,
				Base,
			);
			mainGroup = 3202219C2AF128A200A3EE31;
			packageReferences = (
				320221B62AF128E200A3EE31 /* XCRemoteSwiftPackageReference "stream-video-swift" */,
				320221BF2AF1306100A3EE31 /* XCRemoteSwiftPackageReference "stream-chat-swiftui" */,
				320221C22AF15CA200A3EE31 /* XCRemoteSwiftPackageReference "effects-library" */,
			);
			productRefGroup = 320221A62AF128A200A3EE31 /* Products */;
			projectDirPath = "";
			projectRoot = "";
			targets = (
				320221A42AF128A200A3EE31 /* StreamTV */,
			);
		};
/* End PBXProject section */

/* Begin PBXResourcesBuildPhase section */
		320221A32AF128A200A3EE31 /* Resources */ = {
			isa = PBXResourcesBuildPhase;
			buildActionMask = 2147483647;
			files = (
				320221B02AF128A400A3EE31 /* Preview Assets.xcassets in Resources */,
				320221AD2AF128A400A3EE31 /* Assets.xcassets in Resources */,
			);
			runOnlyForDeploymentPostprocessing = 0;
		};
/* End PBXResourcesBuildPhase section */

/* Begin PBXSourcesBuildPhase section */
		320221A12AF128A200A3EE31 /* Sources */ = {
			isa = PBXSourcesBuildPhase;
			buildActionMask = 2147483647;
			files = (
				320221C82AF1620300A3EE31 /* ChatSection.swift in Sources */,
				320221AB2AF128A200A3EE31 /* ContentView.swift in Sources */,
				320221BE2AF12A0B00A3EE31 /* LivestreamView.swift in Sources */,
				320221C62AF15E7800A3EE31 /* HostView.swift in Sources */,
				320221A92AF128A200A3EE31 /* StreamTVApp.swift in Sources */,
			);
			runOnlyForDeploymentPostprocessing = 0;
		};
/* End PBXSourcesBuildPhase section */

/* Begin XCBuildConfiguration section */
		320221B12AF128A400A3EE31 /* Debug */ = {
			isa = XCBuildConfiguration;
			buildSettings = {
				ALWAYS_SEARCH_USER_PATHS = NO;
				ASSETCATALOG_COMPILER_GENERATE_SWIFT_ASSET_SYMBOL_EXTENSIONS = YES;
				CLANG_ANALYZER_NONNULL = YES;
				CLANG_ANALYZER_NUMBER_OBJECT_CONVERSION = YES_AGGRESSIVE;
				CLANG_CXX_LANGUAGE_STANDARD = "gnu++20";
				CLANG_ENABLE_MODULES = YES;
				CLANG_ENABLE_OBJC_ARC = YES;
				CLANG_ENABLE_OBJC_WEAK = YES;
				CLANG_WARN_BLOCK_CAPTURE_AUTORELEASING = YES;
				CLANG_WARN_BOOL_CONVERSION = YES;
				CLANG_WARN_COMMA = YES;
				CLANG_WARN_CONSTANT_CONVERSION = YES;
				CLANG_WARN_DEPRECATED_OBJC_IMPLEMENTATIONS = YES;
				CLANG_WARN_DIRECT_OBJC_ISA_USAGE = YES_ERROR;
				CLANG_WARN_DOCUMENTATION_COMMENTS = YES;
				CLANG_WARN_EMPTY_BODY = YES;
				CLANG_WARN_ENUM_CONVERSION = YES;
				CLANG_WARN_INFINITE_RECURSION = YES;
				CLANG_WARN_INT_CONVERSION = YES;
				CLANG_WARN_NON_LITERAL_NULL_CONVERSION = YES;
				CLANG_WARN_OBJC_IMPLICIT_RETAIN_SELF = YES;
				CLANG_WARN_OBJC_LITERAL_CONVERSION = YES;
				CLANG_WARN_OBJC_ROOT_CLASS = YES_ERROR;
				CLANG_WARN_QUOTED_INCLUDE_IN_FRAMEWORK_HEADER = YES;
				CLANG_WARN_RANGE_LOOP_ANALYSIS = YES;
				CLANG_WARN_STRICT_PROTOTYPES = YES;
				CLANG_WARN_SUSPICIOUS_MOVE = YES;
				CLANG_WARN_UNGUARDED_AVAILABILITY = YES_AGGRESSIVE;
				CLANG_WARN_UNREACHABLE_CODE = YES;
				CLANG_WARN__DUPLICATE_METHOD_MATCH = YES;
				COPY_PHASE_STRIP = NO;
				DEBUG_INFORMATION_FORMAT = dwarf;
				ENABLE_STRICT_OBJC_MSGSEND = YES;
				ENABLE_TESTABILITY = YES;
				ENABLE_USER_SCRIPT_SANDBOXING = YES;
				GCC_C_LANGUAGE_STANDARD = gnu17;
				GCC_DYNAMIC_NO_PIC = NO;
				GCC_NO_COMMON_BLOCKS = YES;
				GCC_OPTIMIZATION_LEVEL = 0;
				GCC_PREPROCESSOR_DEFINITIONS = (
					"DEBUG=1",
					"$(inherited)",
				);
				GCC_WARN_64_TO_32_BIT_CONVERSION = YES;
				GCC_WARN_ABOUT_RETURN_TYPE = YES_ERROR;
				GCC_WARN_UNDECLARED_SELECTOR = YES;
				GCC_WARN_UNINITIALIZED_AUTOS = YES_AGGRESSIVE;
				GCC_WARN_UNUSED_FUNCTION = YES;
				GCC_WARN_UNUSED_VARIABLE = YES;
				IPHONEOS_DEPLOYMENT_TARGET = 17.0;
				LOCALIZATION_PREFERS_STRING_CATALOGS = YES;
				MTL_ENABLE_DEBUG_INFO = INCLUDE_SOURCE;
				MTL_FAST_MATH = YES;
				ONLY_ACTIVE_ARCH = YES;
				SDKROOT = iphoneos;
				SWIFT_ACTIVE_COMPILATION_CONDITIONS = "DEBUG $(inherited)";
				SWIFT_OPTIMIZATION_LEVEL = "-Onone";
			};
			name = Debug;
		};
		320221B22AF128A400A3EE31 /* Release */ = {
			isa = XCBuildConfiguration;
			buildSettings = {
				ALWAYS_SEARCH_USER_PATHS = NO;
				ASSETCATALOG_COMPILER_GENERATE_SWIFT_ASSET_SYMBOL_EXTENSIONS = YES;
				CLANG_ANALYZER_NONNULL = YES;
				CLANG_ANALYZER_NUMBER_OBJECT_CONVERSION = YES_AGGRESSIVE;
				CLANG_CXX_LANGUAGE_STANDARD = "gnu++20";
				CLANG_ENABLE_MODULES = YES;
				CLANG_ENABLE_OBJC_ARC = YES;
				CLANG_ENABLE_OBJC_WEAK = YES;
				CLANG_WARN_BLOCK_CAPTURE_AUTORELEASING = YES;
				CLANG_WARN_BOOL_CONVERSION = YES;
				CLANG_WARN_COMMA = YES;
				CLANG_WARN_CONSTANT_CONVERSION = YES;
				CLANG_WARN_DEPRECATED_OBJC_IMPLEMENTATIONS = YES;
				CLANG_WARN_DIRECT_OBJC_ISA_USAGE = YES_ERROR;
				CLANG_WARN_DOCUMENTATION_COMMENTS = YES;
				CLANG_WARN_EMPTY_BODY = YES;
				CLANG_WARN_ENUM_CONVERSION = YES;
				CLANG_WARN_INFINITE_RECURSION = YES;
				CLANG_WARN_INT_CONVERSION = YES;
				CLANG_WARN_NON_LITERAL_NULL_CONVERSION = YES;
				CLANG_WARN_OBJC_IMPLICIT_RETAIN_SELF = YES;
				CLANG_WARN_OBJC_LITERAL_CONVERSION = YES;
				CLANG_WARN_OBJC_ROOT_CLASS = YES_ERROR;
				CLANG_WARN_QUOTED_INCLUDE_IN_FRAMEWORK_HEADER = YES;
				CLANG_WARN_RANGE_LOOP_ANALYSIS = YES;
				CLANG_WARN_STRICT_PROTOTYPES = YES;
				CLANG_WARN_SUSPICIOUS_MOVE = YES;
				CLANG_WARN_UNGUARDED_AVAILABILITY = YES_AGGRESSIVE;
				CLANG_WARN_UNREACHABLE_CODE = YES;
				CLANG_WARN__DUPLICATE_METHOD_MATCH = YES;
				COPY_PHASE_STRIP = NO;
				DEBUG_INFORMATION_FORMAT = "dwarf-with-dsym";
				ENABLE_NS_ASSERTIONS = NO;
				ENABLE_STRICT_OBJC_MSGSEND = YES;
				ENABLE_USER_SCRIPT_SANDBOXING = YES;
				GCC_C_LANGUAGE_STANDARD = gnu17;
				GCC_NO_COMMON_BLOCKS = YES;
				GCC_WARN_64_TO_32_BIT_CONVERSION = YES;
				GCC_WARN_ABOUT_RETURN_TYPE = YES_ERROR;
				GCC_WARN_UNDECLARED_SELECTOR = YES;
				GCC_WARN_UNINITIALIZED_AUTOS = YES_AGGRESSIVE;
				GCC_WARN_UNUSED_FUNCTION = YES;
				GCC_WARN_UNUSED_VARIABLE = YES;
				IPHONEOS_DEPLOYMENT_TARGET = 17.0;
				LOCALIZATION_PREFERS_STRING_CATALOGS = YES;
				MTL_ENABLE_DEBUG_INFO = NO;
				MTL_FAST_MATH = YES;
				SDKROOT = iphoneos;
				SWIFT_COMPILATION_MODE = wholemodule;
				VALIDATE_PRODUCT = YES;
			};
			name = Release;
		};
		320221B42AF128A400A3EE31 /* Debug */ = {
			isa = XCBuildConfiguration;
			buildSettings = {
				ASSETCATALOG_COMPILER_APPICON_NAME = AppIcon;
				ASSETCATALOG_COMPILER_GLOBAL_ACCENT_COLOR_NAME = AccentColor;
				CODE_SIGN_STYLE = Automatic;
				CURRENT_PROJECT_VERSION = 1;
				DEVELOPMENT_ASSET_PATHS = "\"StreamTV/Preview Content\"";
				DEVELOPMENT_TEAM = 8U63ZP8KK6;
				ENABLE_PREVIEWS = YES;
				GENERATE_INFOPLIST_FILE = YES;
				INFOPLIST_KEY_NSCameraUsageDescription = "Please allow access to enjoy our app";
				INFOPLIST_KEY_NSMicrophoneUsageDescription = "Please allow access to enjoy our app";
				INFOPLIST_KEY_NSPhotoLibraryUsageDescription = "please allow access please please ";
				INFOPLIST_KEY_UIApplicationSceneManifest_Generation = YES;
				INFOPLIST_KEY_UIApplicationSupportsIndirectInputEvents = YES;
				INFOPLIST_KEY_UILaunchScreen_Generation = YES;
				INFOPLIST_KEY_UISupportedInterfaceOrientations_iPad = "UIInterfaceOrientationPortrait UIInterfaceOrientationPortraitUpsideDown UIInterfaceOrientationLandscapeLeft UIInterfaceOrientationLandscapeRight";
				INFOPLIST_KEY_UISupportedInterfaceOrientations_iPhone = "UIInterfaceOrientationPortrait UIInterfaceOrientationLandscapeLeft UIInterfaceOrientationLandscapeRight";
				LD_RUNPATH_SEARCH_PATHS = (
					"$(inherited)",
					"@executable_path/Frameworks",
				);
				MARKETING_VERSION = 1.0;
				PRODUCT_BUNDLE_IDENTIFIER = com.jasondubon.StreamTV;
				PRODUCT_NAME = "$(TARGET_NAME)";
				SWIFT_EMIT_LOC_STRINGS = YES;
				SWIFT_VERSION = 5.0;
				TARGETED_DEVICE_FAMILY = "1,2";
			};
			name = Debug;
		};
		320221B52AF128A400A3EE31 /* Release */ = {
			isa = XCBuildConfiguration;
			buildSettings = {
				ASSETCATALOG_COMPILER_APPICON_NAME = AppIcon;
				ASSETCATALOG_COMPILER_GLOBAL_ACCENT_COLOR_NAME = AccentColor;
				CODE_SIGN_STYLE = Automatic;
				CURRENT_PROJECT_VERSION = 1;
				DEVELOPMENT_ASSET_PATHS = "\"StreamTV/Preview Content\"";
				DEVELOPMENT_TEAM = 8U63ZP8KK6;
				ENABLE_PREVIEWS = YES;
				GENERATE_INFOPLIST_FILE = YES;
				INFOPLIST_KEY_NSCameraUsageDescription = "Please allow access to enjoy our app";
				INFOPLIST_KEY_NSMicrophoneUsageDescription = "Please allow access to enjoy our app";
				INFOPLIST_KEY_NSPhotoLibraryUsageDescription = "please allow access please please ";
				INFOPLIST_KEY_UIApplicationSceneManifest_Generation = YES;
				INFOPLIST_KEY_UIApplicationSupportsIndirectInputEvents = YES;
				INFOPLIST_KEY_UILaunchScreen_Generation = YES;
				INFOPLIST_KEY_UISupportedInterfaceOrientations_iPad = "UIInterfaceOrientationPortrait UIInterfaceOrientationPortraitUpsideDown UIInterfaceOrientationLandscapeLeft UIInterfaceOrientationLandscapeRight";
				INFOPLIST_KEY_UISupportedInterfaceOrientations_iPhone = "UIInterfaceOrientationPortrait UIInterfaceOrientationLandscapeLeft UIInterfaceOrientationLandscapeRight";
				LD_RUNPATH_SEARCH_PATHS = (
					"$(inherited)",
					"@executable_path/Frameworks",
				);
				MARKETING_VERSION = 1.0;
				PRODUCT_BUNDLE_IDENTIFIER = com.jasondubon.StreamTV;
				PRODUCT_NAME = "$(TARGET_NAME)";
				SWIFT_EMIT_LOC_STRINGS = YES;
				SWIFT_VERSION = 5.0;
				TARGETED_DEVICE_FAMILY = "1,2";
			};
			name = Release;
		};
/* End XCBuildConfiguration section */

/* Begin XCConfigurationList section */
		320221A02AF128A200A3EE31 /* Build configuration list for PBXProject "StreamTV" */ = {
			isa = XCConfigurationList;
			buildConfigurations = (
				320221B12AF128A400A3EE31 /* Debug */,
				320221B22AF128A400A3EE31 /* Release */,
			);
			defaultConfigurationIsVisible = 0;
			defaultConfigurationName = Release;
		};
		320221B32AF128A400A3EE31 /* Build configuration list for PBXNativeTarget "StreamTV" */ = {
			isa = XCConfigurationList;
			buildConfigurations = (
				320221B42AF128A400A3EE31 /* Debug */,
				320221B52AF128A400A3EE31 /* Release */,
			);
			defaultConfigurationIsVisible = 0;
			defaultConfigurationName = Release;
		};
/* End XCConfigurationList section */

/* Begin XCRemoteSwiftPackageReference section */
		320221B62AF128E200A3EE31 /* XCRemoteSwiftPackageReference "stream-video-swift" */ = {
			isa = XCRemoteSwiftPackageReference;
			repositoryURL = "https://github.com/GetStream/stream-video-swift.git";
			requirement = {
				kind = upToNextMajorVersion;
				minimumVersion = 0.4.1;
			};
		};
		320221BF2AF1306100A3EE31 /* XCRemoteSwiftPackageReference "stream-chat-swiftui" */ = {
			isa = XCRemoteSwiftPackageReference;
			repositoryURL = "https://github.com/getstream/stream-chat-swiftui";
			requirement = {
				kind = upToNextMajorVersion;
				minimumVersion = 4.40.0;
			};
		};
		320221C22AF15CA200A3EE31 /* XCRemoteSwiftPackageReference "effects-library" */ = {
			isa = XCRemoteSwiftPackageReference;
			repositoryURL = "https://github.com/GetStream/effects-library.git";
			requirement = {
				kind = upToNextMajorVersion;
				minimumVersion = 1.0.0;
			};
		};
/* End XCRemoteSwiftPackageReference section */

/* Begin XCSwiftPackageProductDependency section */
		320221B72AF128E200A3EE31 /* StreamVideo */ = {
			isa = XCSwiftPackageProductDependency;
			package = 320221B62AF128E200A3EE31 /* XCRemoteSwiftPackageReference "stream-video-swift" */;
			productName = StreamVideo;
		};
		320221B92AF128E200A3EE31 /* StreamVideoSwiftUI */ = {
			isa = XCSwiftPackageProductDependency;
			package = 320221B62AF128E200A3EE31 /* XCRemoteSwiftPackageReference "stream-video-swift" */;
			productName = StreamVideoSwiftUI;
		};
		320221BB2AF128E200A3EE31 /* StreamVideoUIKit */ = {
			isa = XCSwiftPackageProductDependency;
			package = 320221B62AF128E200A3EE31 /* XCRemoteSwiftPackageReference "stream-video-swift" */;
			productName = StreamVideoUIKit;
		};
		320221C02AF1306100A3EE31 /* StreamChatSwiftUI */ = {
			isa = XCSwiftPackageProductDependency;
			package = 320221BF2AF1306100A3EE31 /* XCRemoteSwiftPackageReference "stream-chat-swiftui" */;
			productName = StreamChatSwiftUI;
		};
		320221C32AF15CA200A3EE31 /* EffectsLibrary */ = {
			isa = XCSwiftPackageProductDependency;
			package = 320221C22AF15CA200A3EE31 /* XCRemoteSwiftPackageReference "effects-library" */;
			productName = EffectsLibrary;
		};
/* End XCSwiftPackageProductDependency section */
	};
	rootObject = 3202219D2AF128A200A3EE31 /* Project object */;
}
